// !$*UTF8*$!
{
	archiveVersion = 1;
	classes = {
	};
	objectVersion = 46;
	objects = {

/* Begin PBXBuildFile section */
		0D6ED5A51D1C286400AF6122 /* LWNavController.m in Sources */ = {isa = PBXBuildFile; fileRef = 0D6ED5A41D1C286400AF6122 /* LWNavController.m */; };
		0D6ED5A81D1C307400AF6122 /* nav_back.png in Resources */ = {isa = PBXBuildFile; fileRef = 0D6ED5A71D1C307400AF6122 /* nav_back.png */; };
		0D6ED5AC1D1C3FFF00AF6122 /* headbg.png in Resources */ = {isa = PBXBuildFile; fileRef = 0D6ED5AB1D1C3FFF00AF6122 /* headbg.png */; };
		0D6ED5AE1D1C42BA00AF6122 /* add_press@2x.png in Resources */ = {isa = PBXBuildFile; fileRef = 0D6ED5AD1D1C42BA00AF6122 /* add_press@2x.png */; };
		0DDDF81C1D1BE1A200375A7A /* main.m in Sources */ = {isa = PBXBuildFile; fileRef = 0DDDF81B1D1BE1A200375A7A /* main.m */; };
		0DDDF81F1D1BE1A200375A7A /* AppDelegate.m in Sources */ = {isa = PBXBuildFile; fileRef = 0DDDF81E1D1BE1A200375A7A /* AppDelegate.m */; };
		0DDDF8221D1BE1A200375A7A /* ViewController.m in Sources */ = {isa = PBXBuildFile; fileRef = 0DDDF8211D1BE1A200375A7A /* ViewController.m */; };
		0DDDF8251D1BE1A200375A7A /* Main.storyboard in Resources */ = {isa = PBXBuildFile; fileRef = 0DDDF8231D1BE1A200375A7A /* Main.storyboard */; };
		0DDDF8271D1BE1A200375A7A /* Assets.xcassets in Resources */ = {isa = PBXBuildFile; fileRef = 0DDDF8261D1BE1A200375A7A /* Assets.xcassets */; };
		0DDDF82A1D1BE1A200375A7A /* LaunchScreen.storyboard in Resources */ = {isa = PBXBuildFile; fileRef = 0DDDF8281D1BE1A200375A7A /* LaunchScreen.storyboard */; };
		0DDDF8351D1BE1A200375A7A /* _____Tests.m in Sources */ = {isa = PBXBuildFile; fileRef = 0DDDF8341D1BE1A200375A7A /* _____Tests.m */; };
		0DDDF8401D1BE1A200375A7A /* _____UITests.m in Sources */ = {isa = PBXBuildFile; fileRef = 0DDDF83F1D1BE1A200375A7A /* _____UITests.m */; };
/* End PBXBuildFile section */

/* Begin PBXContainerItemProxy section */
		0DDDF8311D1BE1A200375A7A /* PBXContainerItemProxy */ = {
			isa = PBXContainerItemProxy;
			containerPortal = 0DDDF80F1D1BE1A200375A7A /* Project object */;
			proxyType = 1;
			remoteGlobalIDString = 0DDDF8161D1BE1A200375A7A;
			remoteInfo = "渐变导航栏";
		};
		0DDDF83C1D1BE1A200375A7A /* PBXContainerItemProxy */ = {
			isa = PBXContainerItemProxy;
			containerPortal = 0DDDF80F1D1BE1A200375A7A /* Project object */;
			proxyType = 1;
			remoteGlobalIDString = 0DDDF8161D1BE1A200375A7A;
			remoteInfo = "渐变导航栏";
		};
/* End PBXContainerItemProxy section */

/* Begin PBXFileReference section */
		0D6ED5A31D1C286400AF6122 /* LWNavController.h */ = {isa = PBXFileReference; fileEncoding = 4; lastKnownFileType = sourcecode.c.h; path = LWNavController.h; sourceTree = "<group>"; };
		0D6ED5A41D1C286400AF6122 /* LWNavController.m */ = {isa = PBXFileReference; fileEncoding = 4; lastKnownFileType = sourcecode.c.objc; path = LWNavController.m; sourceTree = "<group>"; };
		0D6ED5A71D1C307400AF6122 /* nav_back.png */ = {isa = PBXFileReference; lastKnownFileType = image.png; path = nav_back.png; sourceTree = "<group>"; };
		0D6ED5AB1D1C3FFF00AF6122 /* headbg.png */ = {isa = PBXFileReference; lastKnownFileType = image.png; path = headbg.png; sourceTree = "<group>"; };
		0D6ED5AD1D1C42BA00AF6122 /* add_press@2x.png */ = {isa = PBXFileReference; lastKnownFileType = image.png; path = "add_press@2x.png"; sourceTree = "<group>"; };
		0DDDF8171D1BE1A200375A7A /* 渐变导航栏.app */ = {isa = PBXFileReference; explicitFileType = wrapper.application; includeInIndex = 0; path = "渐变导航栏.app"; sourceTree = BUILT_PRODUCTS_DIR; };
		0DDDF81B1D1BE1A200375A7A /* main.m */ = {isa = PBXFileReference; lastKnownFileType = sourcecode.c.objc; path = main.m; sourceTree = "<group>"; };
		0DDDF81D1D1BE1A200375A7A /* AppDelegate.h */ = {isa = PBXFileReference; lastKnownFileType = sourcecode.c.h; path = AppDelegate.h; sourceTree = "<group>"; };
		0DDDF81E1D1BE1A200375A7A /* AppDelegate.m */ = {isa = PBXFileReference; lastKnownFileType = sourcecode.c.objc; path = AppDelegate.m; sourceTree = "<group>"; };
		0DDDF8201D1BE1A200375A7A /* ViewController.h */ = {isa = PBXFileReference; lastKnownFileType = sourcecode.c.h; path = ViewController.h; sourceTree = "<group>"; };
		0DDDF8211D1BE1A200375A7A /* ViewController.m */ = {isa = PBXFileReference; lastKnownFileType = sourcecode.c.objc; path = ViewController.m; sourceTree = "<group>"; };
		0DDDF8241D1BE1A200375A7A /* Base */ = {isa = PBXFileReference; lastKnownFileType = file.storyboard; name = Base; path = Base.lproj/Main.storyboard; sourceTree = "<group>"; };
		0DDDF8261D1BE1A200375A7A /* Assets.xcassets */ = {isa = PBXFileReference; lastKnownFileType = folder.assetcatalog; path = Assets.xcassets; sourceTree = "<group>"; };
		0DDDF8291D1BE1A200375A7A /* Base */ = {isa = PBXFileReference; lastKnownFileType = file.storyboard; name = Base; path = Base.lproj/LaunchScreen.storyboard; sourceTree = "<group>"; };
		0DDDF82B1D1BE1A200375A7A /* Info.plist */ = {isa = PBXFileReference; lastKnownFileType = text.plist.xml; path = Info.plist; sourceTree = "<group>"; };
		0DDDF8301D1BE1A200375A7A /* 渐变导航栏Tests.xctest */ = {isa = PBXFileReference; explicitFileType = wrapper.cfbundle; includeInIndex = 0; path = "渐变导航栏Tests.xctest"; sourceTree = BUILT_PRODUCTS_DIR; };
		0DDDF8341D1BE1A200375A7A /* _____Tests.m */ = {isa = PBXFileReference; lastKnownFileType = sourcecode.c.objc; path = "_____Tests.m"; sourceTree = "<group>"; };
		0DDDF8361D1BE1A200375A7A /* Info.plist */ = {isa = PBXFileReference; lastKnownFileType = text.plist.xml; path = Info.plist; sourceTree = "<group>"; };
		0DDDF83B1D1BE1A200375A7A /* 渐变导航栏UITests.xctest */ = {isa = PBXFileReference; explicitFileType = wrapper.cfbundle; includeInIndex = 0; path = "渐变导航栏UITests.xctest"; sourceTree = BUILT_PRODUCTS_DIR; };
		0DDDF83F1D1BE1A200375A7A /* _____UITests.m */ = {isa = PBXFileReference; lastKnownFileType = sourcecode.c.objc; path = "_____UITests.m"; sourceTree = "<group>"; };
		0DDDF8411D1BE1A200375A7A /* Info.plist */ = {isa = PBXFileReference; lastKnownFileType = text.plist.xml; path = Info.plist; sourceTree = "<group>"; };
/* End PBXFileReference section */

/* Begin PBXFrameworksBuildPhase section */
		0DDDF8141D1BE1A200375A7A /* Frameworks */ = {
			isa = PBXFrameworksBuildPhase;
			buildActionMask = 2147483647;
			files = (
			);
			runOnlyForDeploymentPostprocessing = 0;
		};
		0DDDF82D1D1BE1A200375A7A /* Frameworks */ = {
			isa = PBXFrameworksBuildPhase;
			buildActionMask = 2147483647;
			files = (
			);
			runOnlyForDeploymentPostprocessing = 0;
		};
		0DDDF8381D1BE1A200375A7A /* Frameworks */ = {
			isa = PBXFrameworksBuildPhase;
			buildActionMask = 2147483647;
			files = (
			);
			runOnlyForDeploymentPostprocessing = 0;
		};
/* End PBXFrameworksBuildPhase section */

/* Begin PBXGroup section */
		0DDDF80E1D1BE1A200375A7A = {
			isa = PBXGroup;
			children = (
				0DDDF8191D1BE1A200375A7A /* 渐变导航栏 */,
				0DDDF8331D1BE1A200375A7A /* 渐变导航栏Tests */,
				0DDDF83E1D1BE1A200375A7A /* 渐变导航栏UITests */,
				0DDDF8181D1BE1A200375A7A /* Products */,
			);
			sourceTree = "<group>";
		};
		0DDDF8181D1BE1A200375A7A /* Products */ = {
			isa = PBXGroup;
			children = (
				0DDDF8171D1BE1A200375A7A /* 渐变导航栏.app */,
				0DDDF8301D1BE1A200375A7A /* 渐变导航栏Tests.xctest */,
				0DDDF83B1D1BE1A200375A7A /* 渐变导航栏UITests.xctest */,
			);
			name = Products;
			sourceTree = "<group>";
		};
		0DDDF8191D1BE1A200375A7A /* 渐变导航栏 */ = {
			isa = PBXGroup;
			children = (
				0D6ED5A71D1C307400AF6122 /* nav_back.png */,
				0D6ED5AB1D1C3FFF00AF6122 /* headbg.png */,
				0D6ED5AD1D1C42BA00AF6122 /* add_press@2x.png */,
				0DDDF81D1D1BE1A200375A7A /* AppDelegate.h */,
				0DDDF81E1D1BE1A200375A7A /* AppDelegate.m */,
				0DDDF8201D1BE1A200375A7A /* ViewController.h */,
				0DDDF8211D1BE1A200375A7A /* ViewController.m */,
				0DDDF8231D1BE1A200375A7A /* Main.storyboard */,
				0DDDF8261D1BE1A200375A7A /* Assets.xcassets */,
				0DDDF8281D1BE1A200375A7A /* LaunchScreen.storyboard */,
				0DDDF82B1D1BE1A200375A7A /* Info.plist */,
				0DDDF81A1D1BE1A200375A7A /* Supporting Files */,
				0D6ED5A31D1C286400AF6122 /* LWNavController.h */,
				0D6ED5A41D1C286400AF6122 /* LWNavController.m */,
			);
			path = "渐变导航栏";
			sourceTree = "<group>";
		};
		0DDDF81A1D1BE1A200375A7A /* Supporting Files */ = {
			isa = PBXGroup;
			children = (
				0DDDF81B1D1BE1A200375A7A /* main.m */,
			);
			name = "Supporting Files";
			sourceTree = "<group>";
		};
		0DDDF8331D1BE1A200375A7A /* 渐变导航栏Tests */ = {
			isa = PBXGroup;
			children = (
				0DDDF8341D1BE1A200375A7A /* _____Tests.m */,
				0DDDF8361D1BE1A200375A7A /* Info.plist */,
			);
			path = "渐变导航栏Tests";
			sourceTree = "<group>";
		};
		0DDDF83E1D1BE1A200375A7A /* 渐变导航栏UITests */ = {
			isa = PBXGroup;
			children = (
				0DDDF83F1D1BE1A200375A7A /* _____UITests.m */,
				0DDDF8411D1BE1A200375A7A /* Info.plist */,
			);
			path = "渐变导航栏UITests";
			sourceTree = "<group>";
		};
/* End PBXGroup section */

/* Begin PBXNativeTarget section */
		0DDDF8161D1BE1A200375A7A /* 渐变导航栏 */ = {
			isa = PBXNativeTarget;
			buildConfigurationList = 0DDDF8441D1BE1A200375A7A /* Build configuration list for PBXNativeTarget "渐变导航栏" */;
			buildPhases = (
				0DDDF8131D1BE1A200375A7A /* Sources */,
				0DDDF8141D1BE1A200375A7A /* Frameworks */,
				0DDDF8151D1BE1A200375A7A /* Resources */,
			);
			buildRules = (
			);
			dependencies = (
			);
			name = "渐变导航栏";
			productName = "渐变导航栏";
			productReference = 0DDDF8171D1BE1A200375A7A /* 渐变导航栏.app */;
			productType = "com.apple.product-type.application";
		};
		0DDDF82F1D1BE1A200375A7A /* 渐变导航栏Tests */ = {
			isa = PBXNativeTarget;
			buildConfigurationList = 0DDDF8471D1BE1A200375A7A /* Build configuration list for PBXNativeTarget "渐变导航栏Tests" */;
			buildPhases = (
				0DDDF82C1D1BE1A200375A7A /* Sources */,
				0DDDF82D1D1BE1A200375A7A /* Frameworks */,
				0DDDF82E1D1BE1A200375A7A /* Resources */,
			);
			buildRules = (
			);
			dependencies = (
				0DDDF8321D1BE1A200375A7A /* PBXTargetDependency */,
			);
			name = "渐变导航栏Tests";
			productName = "渐变导航栏Tests";
			productReference = 0DDDF8301D1BE1A200375A7A /* 渐变导航栏Tests.xctest */;
			productType = "com.apple.product-type.bundle.unit-test";
		};
		0DDDF83A1D1BE1A200375A7A /* 渐变导航栏UITests */ = {
			isa = PBXNativeTarget;
			buildConfigurationList = 0DDDF84A1D1BE1A200375A7A /* Build configuration list for PBXNativeTarget "渐变导航栏UITests" */;
			buildPhases = (
				0DDDF8371D1BE1A200375A7A /* Sources */,
				0DDDF8381D1BE1A200375A7A /* Frameworks */,
				0DDDF8391D1BE1A200375A7A /* Resources */,
			);
			buildRules = (
			);
			dependencies = (
				0DDDF83D1D1BE1A200375A7A /* PBXTargetDependency */,
			);
			name = "渐变导航栏UITests";
			productName = "渐变导航栏UITests";
			productReference = 0DDDF83B1D1BE1A200375A7A /* 渐变导航栏UITests.xctest */;
			productType = "com.apple.product-type.bundle.ui-testing";
		};
/* End PBXNativeTarget section */

/* Begin PBXProject section */
		0DDDF80F1D1BE1A200375A7A /* Project object */ = {
			isa = PBXProject;
			attributes = {
				LastUpgradeCheck = 0710;
				ORGANIZATIONNAME = hador;
				TargetAttributes = {
					0DDDF8161D1BE1A200375A7A = {
						CreatedOnToolsVersion = 7.1.1;
					};
					0DDDF82F1D1BE1A200375A7A = {
						CreatedOnToolsVersion = 7.1.1;
						TestTargetID = 0DDDF8161D1BE1A200375A7A;
					};
					0DDDF83A1D1BE1A200375A7A = {
						CreatedOnToolsVersion = 7.1.1;
						TestTargetID = 0DDDF8161D1BE1A200375A7A;
					};
				};
			};
			buildConfigurationList = 0DDDF8121D1BE1A200375A7A /* Build configuration list for PBXProject "渐变导航栏" */;
			compatibilityVersion = "Xcode 3.2";
			developmentRegion = English;
			hasScannedForEncodings = 0;
			knownRegions = (
				en,
				Base,
			);
			mainGroup = 0DDDF80E1D1BE1A200375A7A;
			productRefGroup = 0DDDF8181D1BE1A200375A7A /* Products */;
			projectDirPath = "";
			projectRoot = "";
			targets = (
				0DDDF8161D1BE1A200375A7A /* 渐变导航栏 */,
				0DDDF82F1D1BE1A200375A7A /* 渐变导航栏Tests */,
				0DDDF83A1D1BE1A200375A7A /* 渐变导航栏UITests */,
			);
		};
/* End PBXProject section */

/* Begin PBXResourcesBuildPhase section */
		0DDDF8151D1BE1A200375A7A /* Resources */ = {
			isa = PBXResourcesBuildPhase;
			buildActionMask = 2147483647;
			files = (
				0D6ED5AE1D1C42BA00AF6122 /* add_press@2x.png in Resources */,
				0D6ED5A81D1C307400AF6122 /* nav_back.png in Resources */,
				0DDDF82A1D1BE1A200375A7A /* LaunchScreen.storyboard in Resources */,
				0DDDF8271D1BE1A200375A7A /* Assets.xcassets in Resources */,
				0D6ED5AC1D1C3FFF00AF6122 /* headbg.png in Resources */,
				0DDDF8251D1BE1A200375A7A /* Main.storyboard in Resources */,
			);
			runOnlyForDeploymentPostprocessing = 0;
		};
		0DDDF82E1D1BE1A200375A7A /* Resources */ = {
			isa = PBXResourcesBuildPhase;
			buildActionMask = 2147483647;
			files = (
			);
			runOnlyForDeploymentPostprocessing = 0;
		};
		0DDDF8391D1BE1A200375A7A /* Resources */ = {
			isa = PBXResourcesBuildPhase;
			buildActionMask = 2147483647;
			files = (
			);
			runOnlyForDeploymentPostprocessing = 0;
		};
/* End PBXResourcesBuildPhase section */

/* Begin PBXSourcesBuildPhase section */
		0DDDF8131D1BE1A200375A7A /* Sources */ = {
			isa = PBXSourcesBuildPhase;
			buildActionMask = 2147483647;
			files = (
				0D6ED5A51D1C286400AF6122 /* LWNavController.m in Sources */,
				0DDDF8221D1BE1A200375A7A /* ViewController.m in Sources */,
				0DDDF81F1D1BE1A200375A7A /* AppDelegate.m in Sources */,
				0DDDF81C1D1BE1A200375A7A /* main.m in Sources */,
			);
			runOnlyForDeploymentPostprocessing = 0;
		};
		0DDDF82C1D1BE1A200375A7A /* Sources */ = {
			isa = PBXSourcesBuildPhase;
			buildActionMask = 2147483647;
			files = (
				0DDDF8351D1BE1A200375A7A /* _____Tests.m in Sources */,
			);
			runOnlyForDeploymentPostprocessing = 0;
		};
		0DDDF8371D1BE1A200375A7A /* Sources */ = {
			isa = PBXSourcesBuildPhase;
			buildActionMask = 2147483647;
			files = (
				0DDDF8401D1BE1A200375A7A /* _____UITests.m in Sources */,
			);
			runOnlyForDeploymentPostprocessing = 0;
		};
/* End PBXSourcesBuildPhase section */

/* Begin PBXTargetDependency section */
		0DDDF8321D1BE1A200375A7A /* PBXTargetDependency */ = {
			isa = PBXTargetDependency;
			target = 0DDDF8161D1BE1A200375A7A /* 渐变导航栏 */;
			targetProxy = 0DDDF8311D1BE1A200375A7A /* PBXContainerItemProxy */;
		};
		0DDDF83D1D1BE1A200375A7A /* PBXTargetDependency */ = {
			isa = PBXTargetDependency;
			target = 0DDDF8161D1BE1A200375A7A /* 渐变导航栏 */;
			targetProxy = 0DDDF83C1D1BE1A200375A7A /* PBXContainerItemProxy */;
		};
/* End PBXTargetDependency section */

/* Begin PBXVariantGroup section */
		0DDDF8231D1BE1A200375A7A /* Main.storyboard */ = {
			isa = PBXVariantGroup;
			children = (
				0DDDF8241D1BE1A200375A7A /* Base */,
			);
			name = Main.storyboard;
			sourceTree = "<group>";
		};
		0DDDF8281D1BE1A200375A7A /* LaunchScreen.storyboard */ = {
			isa = PBXVariantGroup;
			children = (
				0DDDF8291D1BE1A200375A7A /* Base */,
			);
			name = LaunchScreen.storyboard;
			sourceTree = "<group>";
		};
/* End PBXVariantGroup section */

/* Begin XCBuildConfiguration section */
		0DDDF8421D1BE1A200375A7A /* Debug */ = {
			isa = XCBuildConfiguration;
			buildSettings = {
				ALWAYS_SEARCH_USER_PATHS = NO;
				CLANG_CXX_LANGUAGE_STANDARD = "gnu++0x";
				CLANG_CXX_LIBRARY = "libc++";
				CLANG_ENABLE_MODULES = YES;
				CLANG_ENABLE_OBJC_ARC = YES;
				CLANG_WARN_BOOL_CONVERSION = YES;
				CLANG_WARN_CONSTANT_CONVERSION = YES;
				CLANG_WARN_DIRECT_OBJC_ISA_USAGE = YES_ERROR;
				CLANG_WARN_EMPTY_BODY = YES;
				CLANG_WARN_ENUM_CONVERSION = YES;
				CLANG_WARN_INT_CONVERSION = YES;
				CLANG_WARN_OBJC_ROOT_CLASS = YES_ERROR;
				CLANG_WARN_UNREACHABLE_CODE = YES;
				CLANG_WARN__DUPLICATE_METHOD_MATCH = YES;
				"CODE_SIGN_IDENTITY[sdk=iphoneos*]" = "iPhone Developer";
				COPY_PHASE_STRIP = NO;
				DEBUG_INFORMATION_FORMAT = dwarf;
				ENABLE_STRICT_OBJC_MSGSEND = YES;
				ENABLE_TESTABILITY = YES;
				GCC_C_LANGUAGE_STANDARD = gnu99;
				GCC_DYNAMIC_NO_PIC = NO;
				GCC_NO_COMMON_BLOCKS = YES;
				GCC_OPTIMIZATION_LEVEL = 0;
				GCC_PREPROCESSOR_DEFINITIONS = (
					"DEBUG=1",
					"$(inherited)",
				);
				GCC_WARN_64_TO_32_BIT_CONVERSION = YES;
				GCC_WARN_ABOUT_RETURN_TYPE = YES_ERROR;
				GCC_WARN_UNDECLARED_SELECTOR = YES;
				GCC_WARN_UNINITIALIZED_AUTOS = YES_AGGRESSIVE;
				GCC_WARN_UNUSED_FUNCTION = YES;
				GCC_WARN_UNUSED_VARIABLE = YES;
				IPHONEOS_DEPLOYMENT_TARGET = 9.1;
				MTL_ENABLE_DEBUG_INFO = YES;
				ONLY_ACTIVE_ARCH = YES;
				SDKROOT = iphoneos;
				TARGETED_DEVICE_FAMILY = "1,2";
			};
			name = Debug;
		};
		0DDDF8431D1BE1A200375A7A /* Release */ = {
			isa = XCBuildConfiguration;
			buildSettings = {
				ALWAYS_SEARCH_USER_PATHS = NO;
				CLANG_CXX_LANGUAGE_STANDARD = "gnu++0x";
				CLANG_CXX_LIBRARY = "libc++";
				CLANG_ENABLE_MODULES = YES;
				CLANG_ENABLE_OBJC_ARC = YES;
				CLANG_WARN_BOOL_CONVERSION = YES;
				CLANG_WARN_CONSTANT_CONVERSION = YES;
				CLANG_WARN_DIRECT_OBJC_ISA_USAGE = YES_ERROR;
				CLANG_WARN_EMPTY_BODY = YES;
				CLANG_WARN_ENUM_CONVERSION = YES;
				CLANG_WARN_INT_CONVERSION = YES;
				CLANG_WARN_OBJC_ROOT_CLASS = YES_ERROR;
				CLANG_WARN_UNREACHABLE_CODE = YES;
				CLANG_WARN__DUPLICATE_METHOD_MATCH = YES;
				"CODE_SIGN_IDENTITY[sdk=iphoneos*]" = "iPhone Developer";
				COPY_PHASE_STRIP = NO;
				DEBUG_INFORMATION_FORMAT = "dwarf-with-dsym";
				ENABLE_NS_ASSERTIONS = NO;
				ENABLE_STRICT_OBJC_MSGSEND = YES;
				GCC_C_LANGUAGE_STANDARD = gnu99;
				GCC_NO_COMMON_BLOCKS = YES;
				GCC_WARN_64_TO_32_BIT_CONVERSION = YES;
				GCC_WARN_ABOUT_RETURN_TYPE = YES_ERROR;
				GCC_WARN_UNDECLARED_SELECTOR = YES;
				GCC_WARN_UNINITIALIZED_AUTOS = YES_AGGRESSIVE;
				GCC_WARN_UNUSED_FUNCTION = YES;
				GCC_WARN_UNUSED_VARIABLE = YES;
				IPHONEOS_DEPLOYMENT_TARGET = 9.1;
				MTL_ENABLE_DEBUG_INFO = NO;
				SDKROOT = iphoneos;
				TARGETED_DEVICE_FAMILY = "1,2";
				VALIDATE_PRODUCT = YES;
			};
			name = Release;
		};
		0DDDF8451D1BE1A200375A7A /* Debug */ = {
			isa = XCBuildConfiguration;
			buildSettings = {
				ASSETCATALOG_COMPILER_APPICON_NAME = AppIcon;
				INFOPLIST_FILE = "渐变导航栏/Info.plist";
				LD_RUNPATH_SEARCH_PATHS = "$(inherited) @executable_path/Frameworks";
				PRODUCT_BUNDLE_IDENTIFIER = "com.hador.developer.-----";
				PRODUCT_NAME = "$(TARGET_NAME)";
			};
			name = Debug;
		};
		0DDDF8461D1BE1A200375A7A /* Release */ = {
			isa = XCBuildConfiguration;
			buildSettings = {
				ASSETCATALOG_COMPILER_APPICON_NAME = AppIcon;
				INFOPLIST_FILE = "渐变导航栏/Info.plist";
				LD_RUNPATH_SEARCH_PATHS = "$(inherited) @executable_path/Frameworks";
				PRODUCT_BUNDLE_IDENTIFIER = "com.hador.developer.-----";
				PRODUCT_NAME = "$(TARGET_NAME)";
			};
			name = Release;
		};
		0DDDF8481D1BE1A200375A7A /* Debug */ = {
			isa = XCBuildConfiguration;
			buildSettings = {
				BUNDLE_LOADER = "$(TEST_HOST)";
				INFOPLIST_FILE = "渐变导航栏Tests/Info.plist";
				LD_RUNPATH_SEARCH_PATHS = "$(inherited) @executable_path/Frameworks @loader_path/Frameworks";
				PRODUCT_BUNDLE_IDENTIFIER = "com.hador.developer.-----Tests";
				PRODUCT_NAME = "$(TARGET_NAME)";
				TEST_HOST = "$(BUILT_PRODUCTS_DIR)/渐变导航栏.app/渐变导航栏";
			};
			name = Debug;
		};
		0DDDF8491D1BE1A200375A7A /* Release */ = {
			isa = XCBuildConfiguration;
			buildSettings = {
				BUNDLE_LOADER = "$(TEST_HOST)";
				INFOPLIST_FILE = "渐变导航栏Tests/Info.plist";
				LD_RUNPATH_SEARCH_PATHS = "$(inherited) @executable_path/Frameworks @loader_path/Frameworks";
				PRODUCT_BUNDLE_IDENTIFIER = "com.hador.developer.-----Tests";
				PRODUCT_NAME = "$(TARGET_NAME)";
				TEST_HOST = "$(BUILT_PRODUCTS_DIR)/渐变导航栏.app/渐变导航栏";
			};
			name = Release;
		};
		0DDDF84B1D1BE1A200375A7A /* Debug */ = {
			isa = XCBuildConfiguration;
			buildSettings = {
				INFOPLIST_FILE = "渐变导航栏UITests/Info.plist";
				LD_RUNPATH_SEARCH_PATHS = "$(inherited) @executable_path/Frameworks @loader_path/Frameworks";
				PRODUCT_BUNDLE_IDENTIFIER = "com.hador.developer.-----UITests";
				PRODUCT_NAME = "$(TARGET_NAME)";
				TEST_TARGET_NAME = "渐变导航栏";
				USES_XCTRUNNER = YES;
			};
			name = Debug;
		};
		0DDDF84C1D1BE1A200375A7A /* Release */ = {
			isa = XCBuildConfiguration;
			buildSettings = {
				INFOPLIST_FILE = "渐变导航栏UITests/Info.plist";
				LD_RUNPATH_SEARCH_PATHS = "$(inherited) @executable_path/Frameworks @loader_path/Frameworks";
				PRODUCT_BUNDLE_IDENTIFIER = "com.hador.developer.-----UITests";
				PRODUCT_NAME = "$(TARGET_NAME)";
				TEST_TARGET_NAME = "渐变导航栏";
				USES_XCTRUNNER = YES;
			};
			name = Release;
		};
/* End XCBuildConfiguration section */

/* Begin XCConfigurationList section */
		0DDDF8121D1BE1A200375A7A /* Build configuration list for PBXProject "渐变导航栏" */ = {
			isa = XCConfigurationList;
			buildConfigurations = (
				0DDDF8421D1BE1A200375A7A /* Debug */,
				0DDDF8431D1BE1A200375A7A /* Release */,
			);
			defaultConfigurationIsVisible = 0;
			defaultConfigurationName = Release;
		};
		0DDDF8441D1BE1A200375A7A /* Build configuration list for PBXNativeTarget "渐变导航栏" */ = {
			isa = XCConfigurationList;
			buildConfigurations = (
				0DDDF8451D1BE1A200375A7A /* Debug */,
				0DDDF8461D1BE1A200375A7A /* Release */,
			);
			defaultConfigurationIsVisible = 0;
			defaultConfigurationName = Release;
		};
		0DDDF8471D1BE1A200375A7A /* Build configuration list for PBXNativeTarget "渐变导航栏Tests" */ = {
			isa = XCConfigurationList;
			buildConfigurations = (
				0DDDF8481D1BE1A200375A7A /* Debug */,
				0DDDF8491D1BE1A200375A7A /* Release */,
			);
			defaultConfigurationIsVisible = 0;
			defaultConfigurationName = Release;
		};
		0DDDF84A1D1BE1A200375A7A /* Build configuration list for PBXNativeTarget "渐变导航栏UITests" */ = {
			isa = XCConfigurationList;
			buildConfigurations = (
				0DDDF84B1D1BE1A200375A7A /* Debug */,
				0DDDF84C1D1BE1A200375A7A /* Release */,
			);
			defaultConfigurationIsVisible = 0;
			defaultConfigurationName = Release;
		};
/* End XCConfigurationList section */
	};
	rootObject = 0DDDF80F1D1BE1A200375A7A /* Project object */;
}
